
Microsoft Visual Studio Solution File, Format Version 12.00
# Visual Studio Version 17
VisualStudioVersion = 17.2.32616.157
MinimumVisualStudioVersion = 10.0.40219.1
Project("{FAE04EC0-301F-11D3-BF4B-00C04F79EFBC}") = "StringHashFunction", "StringHashFunction\StringHashFunction.csproj", "{C63A2010-B3C7-441A-A40D-9A8BFB152AED}"
EndProject
Global
	GlobalSection(SolutionConfigurationPlatforms) = preSolution
		Debug|Any CPU = Debug|Any CPU
		Release|Any CPU = Release|Any CPU
	EndGlobalSection
	GlobalSection(ProjectConfigurationPlatforms) = postSolution
		{C63A2010-B3C7-441A-A40D-9A8BFB152AED}.Debug|Any CPU.ActiveCfg = Debug|Any CPU
		{C63A2010-B3C7-441A-A40D-9A8BFB152AED}.Debug|Any CPU.Build.0 = Debug|Any CPU
		{C63A2010-B3C7-441A-A40D-9A8BFB152AED}.Release|Any CPU.ActiveCfg = Release|Any CPU
		{C63A2010-B3C7-441A-A40D-9A8BFB152AED}.Release|Any CPU.Build.0 = Release|Any CPU
	EndGlobalSection
	GlobalSection(SolutionProperties) = preSolution
		HideSolutionNode = FALSE
	EndGlobalSection
	GlobalSection(ExtensibilityGlobals) = postSolution
		SolutionGuid = {FBAF227A-135E-40D7-A422-6C47D6FE6D3A}
	EndGlobalSection
EndGlobal
